Microsoft Visual Studio Solution File, Format Version 12.00
# Visual Studio Version 17
VisualStudioVersion = 17.5.2.0
MinimumVisualStudioVersion = 10.0.40219.1
Project("{FAE04EC0-301F-11D3-BF4B-00C04F79EFBC}") = "Crud-Dotnet-NAPR-Api", "Crud-Dotnet-NAPR-Api.csproj", "{0CCD9FE7-928C-4458-C0F9-B274F68EC15F}"
EndProject
Global
	GlobalSection(SolutionConfigurationPlatforms) = preSolution
		Debug|Any CPU = Debug|Any CPU
		Release|Any CPU = Release|Any CPU
	EndGlobalSection
	GlobalSection(ProjectConfigurationPlatforms) = postSolution
		{0CCD9FE7-928C-4458-C0F9-B274F68EC15F}.Debug|Any CPU.ActiveCfg = Debug|Any CPU
		{0CCD9FE7-928C-4458-C0F9-B274F68EC15F}.Debug|Any CPU.Build.0 = Debug|Any CPU
		{0CCD9FE7-928C-4458-C0F9-B274F68EC15F}.Release|Any CPU.ActiveCfg = Release|Any CPU
		{0CCD9FE7-928C-4458-C0F9-B274F68EC15F}.Release|Any CPU.Build.0 = Release|Any CPU
	EndGlobalSection
	GlobalSection(SolutionProperties) = preSolution
		HideSolutionNode = FALSE
	EndGlobalSection
	GlobalSection(ExtensibilityGlobals) = postSolution
		SolutionGuid = {B95C1CDB-45B8-4C65-8767-558F121A7799}
	EndGlobalSection
EndGlobal
